
Microsoft Visual Studio Solution File, Format Version 12.00
# Visual Studio Version 16
VisualStudioVersion = 16.0.30717.126
MinimumVisualStudioVersion = 10.0.40219.1
Project("{FAE04EC0-301F-11D3-BF4B-00C04F79EFBC}") = "NewsApi", "NewsApi\NewsApi.csproj", "{B18052F6-5DAC-4ACA-AEEE-E89CD8B9A77D}"
EndProject
Project("{FAE04EC0-301F-11D3-BF4B-00C04F79EFBC}") = "NewsApi.DataLayer", "NewsApi.DataLayer\NewsApi.DataLayer.csproj", "{B6061D3D-9258-4F50-BF7A-72429528F0B2}"
EndProject
Project("{FAE04EC0-301F-11D3-BF4B-00C04F79EFBC}") = "NewsApi.Core", "NewsApi.Core\NewsApi.Core.csproj", "{028F765F-F1DA-4727-A215-0810C786FEE5}"
EndProject
Global
	GlobalSection(SolutionConfigurationPlatforms) = preSolution
		Debug|Any CPU = Debug|Any CPU
		Release|Any CPU = Release|Any CPU
	EndGlobalSection
	GlobalSection(ProjectConfigurationPlatforms) = postSolution
		{B18052F6-5DAC-4ACA-AEEE-E89CD8B9A77D}.Debug|Any CPU.ActiveCfg = Debug|Any CPU
		{B18052F6-5DAC-4ACA-AEEE-E89CD8B9A77D}.Debug|Any CPU.Build.0 = Debug|Any CPU
		{B18052F6-5DAC-4ACA-AEEE-E89CD8B9A77D}.Release|Any CPU.ActiveCfg = Release|Any CPU
		{B18052F6-5DAC-4ACA-AEEE-E89CD8B9A77D}.Release|Any CPU.Build.0 = Release|Any CPU
		{B6061D3D-9258-4F50-BF7A-72429528F0B2}.Debug|Any CPU.ActiveCfg = Debug|Any CPU
		{B6061D3D-9258-4F50-BF7A-72429528F0B2}.Debug|Any CPU.Build.0 = Debug|Any CPU
		{B6061D3D-9258-4F50-BF7A-72429528F0B2}.Release|Any CPU.ActiveCfg = Release|Any CPU
		{B6061D3D-9258-4F50-BF7A-72429528F0B2}.Release|Any CPU.Build.0 = Release|Any CPU
		{028F765F-F1DA-4727-A215-0810C786FEE5}.Debug|Any CPU.ActiveCfg = Debug|Any CPU
		{028F765F-F1DA-4727-A215-0810C786FEE5}.Debug|Any CPU.Build.0 = Debug|Any CPU
		{028F765F-F1DA-4727-A215-0810C786FEE5}.Release|Any CPU.ActiveCfg = Release|Any CPU
		{028F765F-F1DA-4727-A215-0810C786FEE5}.Release|Any CPU.Build.0 = Release|Any CPU
	EndGlobalSection
	GlobalSection(SolutionProperties) = preSolution
		HideSolutionNode = FALSE
	EndGlobalSection
	GlobalSection(ExtensibilityGlobals) = postSolution
		SolutionGuid = {AC03356E-11F8-401B-9223-31FB96F56237}
	EndGlobalSection
EndGlobal
